// !$*UTF8*$!
{
	archiveVersion = 1;
	classes = {
	};
	objectVersion = 42;
	objects = {

/* Begin PBXBuildFile section */
		F47365D20A28F9B7004F34C6 /* IcebergControlTower_Prefix.h in Headers */ = {isa = PBXBuildFile; fileRef = 32A70AAB03705E1F00C91783 /* IcebergControlTower_Prefix.h */; };
		F47365D40A28F9B7004F34C6 /* main.m in Sources */ = {isa = PBXBuildFile; fileRef = 08FB7796FE84155DC02AAC07 /* main.m */; settings = {ATTRIBUTES = (); }; };
		F47365D60A28F9B7004F34C6 /* Foundation.framework in Frameworks */ = {isa = PBXBuildFile; fileRef = 08FB779EFE84155DC02AAC07 /* Foundation.framework */; };
		F47365D70A28F9B7004F34C6 /* CoreFoundation.framework in Frameworks */ = {isa = PBXBuildFile; fileRef = F45EA0E3058B9DAB008B71B2 /* CoreFoundation.framework */; };
		F47365DA0A28F9B7004F34C6 /* IcebergControlTower.1 in CopyFiles */ = {isa = PBXBuildFile; fileRef = C6859EA3029092ED04C91782 /* IcebergControlTower.1 */; };
/* End PBXBuildFile section */

/* Begin PBXCopyFilesBuildPhase section */
		F47365D90A28F9B7004F34C6 /* CopyFiles */ = {
			isa = PBXCopyFilesBuildPhase;
			buildActionMask = 8;
			dstPath = /usr/share/man/man1/;
			dstSubfolderSpec = 0;
			files = (
				F47365DA0A28F9B7004F34C6 /* IcebergControlTower.1 in CopyFiles */,
			);
			runOnlyForDeploymentPostprocessing = 1;
		};
/* End PBXCopyFilesBuildPhase section */

/* Begin PBXFileReference section */
		08FB7796FE84155DC02AAC07 /* main.m */ = {isa = PBXFileReference; fileEncoding = 4; lastKnownFileType = sourcecode.c.objc; path = main.m; sourceTree = "<group>"; };
		08FB779EFE84155DC02AAC07 /* Foundation.framework */ = {isa = PBXFileReference; lastKnownFileType = wrapper.framework; name = Foundation.framework; path = /System/Library/Frameworks/Foundation.framework; sourceTree = "<absolute>"; };
		32A70AAB03705E1F00C91783 /* IcebergControlTower_Prefix.h */ = {isa = PBXFileReference; fileEncoding = 4; lastKnownFileType = sourcecode.c.h; path = IcebergControlTower_Prefix.h; sourceTree = "<group>"; };
		C6859EA3029092ED04C91782 /* IcebergControlTower.1 */ = {isa = PBXFileReference; lastKnownFileType = text.man; path = IcebergControlTower.1; sourceTree = "<group>"; };
		F45EA0E3058B9DAB008B71B2 /* CoreFoundation.framework */ = {isa = PBXFileReference; lastKnownFileType = wrapper.framework; name = CoreFoundation.framework; path = /System/Library/Frameworks/CoreFoundation.framework; sourceTree = "<absolute>"; };
		F47365DF0A28F9B7004F34C6 /* IcebergControlTowerTool */ = {isa = PBXFileReference; explicitFileType = "compiled.mach-o.executable"; includeInIndex = 0; path = IcebergControlTowerTool; sourceTree = BUILT_PRODUCTS_DIR; };
/* End PBXFileReference section */

/* Begin PBXFrameworksBuildPhase section */
		F47365D50A28F9B7004F34C6 /* Frameworks */ = {
			isa = PBXFrameworksBuildPhase;
			buildActionMask = 2147483647;
			files = (
				F47365D60A28F9B7004F34C6 /* Foundation.framework in Frameworks */,
				F47365D70A28F9B7004F34C6 /* CoreFoundation.framework in Frameworks */,
			);
			runOnlyForDeploymentPostprocessing = 0;
		};
/* End PBXFrameworksBuildPhase section */

/* Begin PBXGroup section */
		08FB7794FE84155DC02AAC07 /* IcebergControlTower */ = {
			isa = PBXGroup;
			children = (
				08FB7795FE84155DC02AAC07 /* Source */,
				C6859EA2029092E104C91782 /* Documentation */,
				08FB779DFE84155DC02AAC07 /* External Frameworks and Libraries */,
				1AB674ADFE9D54B511CA2CBB /* Products */,
			);
			name = IcebergControlTower;
			sourceTree = "<group>";
		};
		08FB7795FE84155DC02AAC07 /* Source */ = {
			isa = PBXGroup;
			children = (
				32A70AAB03705E1F00C91783 /* IcebergControlTower_Prefix.h */,
				08FB7796FE84155DC02AAC07 /* main.m */,
			);
			name = Source;
			sourceTree = "<group>";
		};
		08FB779DFE84155DC02AAC07 /* External Frameworks and Libraries */ = {
			isa = PBXGroup;
			children = (
				F45EA0E3058B9DAB008B71B2 /* CoreFoundation.framework */,
				08FB779EFE84155DC02AAC07 /* Foundation.framework */,
			);
			name = "External Frameworks and Libraries";
			sourceTree = "<group>";
		};
		1AB674ADFE9D54B511CA2CBB /* Products */ = {
			isa = PBXGroup;
			children = (
				F47365DF0A28F9B7004F34C6 /* IcebergControlTowerTool */,
			);
			name = Products;
			sourceTree = "<group>";
		};
		C6859EA2029092E104C91782 /* Documentation */ = {
			isa = PBXGroup;
			children = (
				C6859EA3029092ED04C91782 /* IcebergControlTower.1 */,
			);
			name = Documentation;
			sourceTree = "<group>";
		};
/* End PBXGroup section */

/* Begin PBXHeadersBuildPhase section */
		F47365D10A28F9B7004F34C6 /* Headers */ = {
			isa = PBXHeadersBuildPhase;
			buildActionMask = 2147483647;
			files = (
				F47365D20A28F9B7004F34C6 /* IcebergControlTower_Prefix.h in Headers */,
			);
			runOnlyForDeploymentPostprocessing = 0;
		};
/* End PBXHeadersBuildPhase section */

/* Begin PBXNativeTarget section */
		F47365D00A28F9B7004F34C6 /* IcebergControlTower */ = {
			isa = PBXNativeTarget;
			buildConfigurationList = F47365DB0A28F9B7004F34C6 /* Build configuration list for PBXNativeTarget "IcebergControlTower" */;
			buildPhases = (
				F47365D10A28F9B7004F34C6 /* Headers */,
				F47365D30A28F9B7004F34C6 /* Sources */,
				F47365D50A28F9B7004F34C6 /* Frameworks */,
				F47365D80A28F9B7004F34C6 /* Rez */,
				F47365D90A28F9B7004F34C6 /* CopyFiles */,
			);
			buildRules = (
			);
			dependencies = (
			);
			name = IcebergControlTower;
			productInstallPath = "$(HOME)/bin";
			productName = IcebergControlTower;
			productReference = F47365DF0A28F9B7004F34C6 /* IcebergControlTowerTool */;
			productType = "com.apple.product-type.tool";
		};
/* End PBXNativeTarget section */

/* Begin PBXProject section */
		08FB7793FE84155DC02AAC07 /* Project object */ = {
			isa = PBXProject;
			buildConfigurationList = F47365E20A28F9C1004F34C6 /* Build configuration list for PBXProject "IcebergControlTower" */;
			hasScannedForEncodings = 1;
			mainGroup = 08FB7794FE84155DC02AAC07 /* IcebergControlTower */;
			projectDirPath = "";
			targets = (
				F47365D00A28F9B7004F34C6 /* IcebergControlTower */,
			);
		};
/* End PBXProject section */

/* Begin PBXRezBuildPhase section */
		F47365D80A28F9B7004F34C6 /* Rez */ = {
			isa = PBXRezBuildPhase;
			buildActionMask = 2147483647;
			files = (
			);
			runOnlyForDeploymentPostprocessing = 0;
		};
/* End PBXRezBuildPhase section */

/* Begin PBXSourcesBuildPhase section */
		F47365D30A28F9B7004F34C6 /* Sources */ = {
			isa = PBXSourcesBuildPhase;
			buildActionMask = 2147483647;
			files = (
				F47365D40A28F9B7004F34C6 /* main.m in Sources */,
			);
			runOnlyForDeploymentPostprocessing = 0;
		};
/* End PBXSourcesBuildPhase section */

/* Begin XCBuildConfiguration section */
		F47365DC0A28F9B7004F34C6 /* Development */ = {
			isa = XCBuildConfiguration;
			buildSettings = {
				COPY_PHASE_STRIP = NO;
				FRAMEWORK_SEARCH_PATHS = "";
				GCC_DYNAMIC_NO_PIC = NO;
				GCC_ENABLE_FIX_AND_CONTINUE = YES;
				GCC_GENERATE_DEBUGGING_SYMBOLS = NO;
				GCC_OPTIMIZATION_LEVEL = 0;
				GCC_PRECOMPILE_PREFIX_HEADER = YES;
				GCC_PREFIX_HEADER = IcebergControlTower_Prefix.h;
				HEADER_SEARCH_PATHS = "";
				INSTALL_PATH = "$(HOME)/bin";
				LIBRARY_SEARCH_PATHS = "";
				OTHER_CFLAGS = "";
				OTHER_LDFLAGS = "";
				OTHER_REZFLAGS = "";
				PRODUCT_NAME = IcebergControlTowerTool;
				REZ_EXECUTABLE = YES;
				SECTORDER_FLAGS = "";
				WARNING_CFLAGS = (
					"-Wmost",
					"-Wno-four-char-constants",
					"-Wno-unknown-pragmas",
				);
				ZERO_LINK = NO;
			};
			name = Development;
		};
		F47365DD0A28F9B7004F34C6 /* Deployment */ = {
			isa = XCBuildConfiguration;
			buildSettings = {
				COPY_PHASE_STRIP = YES;
				GCC_ENABLE_FIX_AND_CONTINUE = NO;
				GCC_GENERATE_DEBUGGING_SYMBOLS = NO;
				GCC_OPTIMIZATION_LEVEL = 3;
				GCC_PRECOMPILE_PREFIX_HEADER = YES;
				GCC_PREFIX_HEADER = IcebergControlTower_Prefix.h;
				INSTALL_PATH = "$(HOME)/bin";
				PRODUCT_NAME = IcebergControlTowerTool;
				WARNING_CFLAGS = (
					"-Wmost",
					"-Wno-four-char-constants",
					"-Wno-unknown-pragmas",
				);
				ZERO_LINK = NO;
			};
			name = Deployment;
		};
		F47365DE0A28F9B7004F34C6 /* Default */ = {
			isa = XCBuildConfiguration;
			buildSettings = {
				FRAMEWORK_SEARCH_PATHS = "";
				GCC_GENERATE_DEBUGGING_SYMBOLS = NO;
				GCC_OPTIMIZATION_LEVEL = 3;
				GCC_PRECOMPILE_PREFIX_HEADER = YES;
				GCC_PREFIX_HEADER = IcebergControlTower_Prefix.h;
				HEADER_SEARCH_PATHS = "";
				INSTALL_PATH = "$(HOME)/bin";
				LIBRARY_SEARCH_PATHS = "";
				OTHER_CFLAGS = "";
				OTHER_LDFLAGS = "";
				OTHER_REZFLAGS = "";
				PRODUCT_NAME = IcebergControlTowerTool;
				REZ_EXECUTABLE = YES;
				SECTORDER_FLAGS = "";
				WARNING_CFLAGS = (
					"-Wmost",
					"-Wno-four-char-constants",
					"-Wno-unknown-pragmas",
				);
				ZERO_LINK = NO;
			};
			name = Default;
		};
		F47365E30A28F9C1004F34C6 /* Development */ = {
			isa = XCBuildConfiguration;
			buildSettings = {
				ARCHS = (
					ppc,
					i386,
				);
				GCC_VERSION_ppc = 3.3;
				MACOSX_DEPLOYMENT_TARGET_ppc = 10.2;
				SDKROOT = /Developer/SDKs/MacOSX10.4u.sdk;
				SDKROOT_ppc = /Developer/SDKs/MacOSX10.2.8.sdk;
			};
			name = Development;
		};
		F47365E40A28F9C1004F34C6 /* Deployment */ = {
			isa = XCBuildConfiguration;
			buildSettings = {
				ARCHS = (
					ppc,
					i386,
				);
				GCC_VERSION_ppc = 3.3;
				MACOSX_DEPLOYMENT_TARGET_ppc = 10.2;
				SDKROOT = /Developer/SDKs/MacOSX10.4u.sdk;
				SDKROOT_ppc = /Developer/SDKs/MacOSX10.2.8.sdk;
			};
			name = Deployment;
		};
		F47365E50A28F9C1004F34C6 /* Default */ = {
			isa = XCBuildConfiguration;
			buildSettings = {
				ARCHS = (
					ppc,
					i386,
				);
				GCC_VERSION_ppc = 3.3;
				MACOSX_DEPLOYMENT_TARGET_ppc = 10.2;
				SDKROOT = /Developer/SDKs/MacOSX10.4u.sdk;
				SDKROOT_ppc = /Developer/SDKs/MacOSX10.2.8.sdk;
			};
			name = Default;
		};
/* End XCBuildConfiguration section */

/* Begin XCConfigurationList section */
		F47365DB0A28F9B7004F34C6 /* Build configuration list for PBXNativeTarget "IcebergControlTower" */ = {
			isa = XCConfigurationList;
			buildConfigurations = (
				F47365DC0A28F9B7004F34C6 /* Development */,
				F47365DD0A28F9B7004F34C6 /* Deployment */,
				F47365DE0A28F9B7004F34C6 /* Default */,
			);
			defaultConfigurationIsVisible = 0;
			defaultConfigurationName = Default;
		};
		F47365E20A28F9C1004F34C6 /* Build configuration list for PBXProject "IcebergControlTower" */ = {
			isa = XCConfigurationList;
			buildConfigurations = (
				F47365E30A28F9C1004F34C6 /* Development */,
				F47365E40A28F9C1004F34C6 /* Deployment */,
				F47365E50A28F9C1004F34C6 /* Default */,
			);
			defaultConfigurationIsVisible = 0;
			defaultConfigurationName = Default;
		};
/* End XCConfigurationList section */
	};
	rootObject = 08FB7793FE84155DC02AAC07 /* Project object */;
}
